
Microsoft Visual Studio Solution File, Format Version 12.00
# Visual Studio 15
VisualStudioVersion = 15.0.28307.329
MinimumVisualStudioVersion = 10.0.40219.1
Project("{FAE04EC0-301F-11D3-BF4B-00C04F79EFBC}") = "Remote_Healthcare_App_B2", "Remote_Healthcare_App_B2\Remote_Healthcare_App_B2.csproj", "{FE90096F-274D-43E9-AE78-57665C500FB2}"
EndProject
Project("{FAE04EC0-301F-11D3-BF4B-00C04F79EFBC}") = "VREngine", "VREngine\VREngine.csproj", "{FDCE611C-A3B7-4287-AA9D-235EEFEAD72C}"
EndProject
Project("{FAE04EC0-301F-11D3-BF4B-00C04F79EFBC}") = "Client", "Client\Client.csproj", "{690A2B5C-955A-4A23-B163-29B41918B75F}"
EndProject
Project("{FAE04EC0-301F-11D3-BF4B-00C04F79EFBC}") = "Server", "Server\Server.csproj", "{C291ECCB-D913-43BD-B2DF-3089F064957A}"
EndProject
Project("{FAE04EC0-301F-11D3-BF4B-00C04F79EFBC}") = "WindowsFormsApp1", "WindowsFormsApp1\WindowsFormsApp1.csproj", "{31AF1145-7E12-4807-B630-1A9011C93CFE}"
EndProject
Global
	GlobalSection(SolutionConfigurationPlatforms) = preSolution
		ClientServer|Any CPU = ClientServer|Any CPU
		Debug|Any CPU = Debug|Any CPU
		Release|Any CPU = Release|Any CPU
	EndGlobalSection
	GlobalSection(ProjectConfigurationPlatforms) = postSolution
		{FE90096F-274D-43E9-AE78-57665C500FB2}.ClientServer|Any CPU.ActiveCfg = ClientServer|Any CPU
		{FE90096F-274D-43E9-AE78-57665C500FB2}.ClientServer|Any CPU.Build.0 = ClientServer|Any CPU
		{FE90096F-274D-43E9-AE78-57665C500FB2}.Debug|Any CPU.ActiveCfg = Debug|Any CPU
		{FE90096F-274D-43E9-AE78-57665C500FB2}.Debug|Any CPU.Build.0 = Debug|Any CPU
		{FE90096F-274D-43E9-AE78-57665C500FB2}.Release|Any CPU.ActiveCfg = Release|Any CPU
		{FE90096F-274D-43E9-AE78-57665C500FB2}.Release|Any CPU.Build.0 = Release|Any CPU
		{FDCE611C-A3B7-4287-AA9D-235EEFEAD72C}.ClientServer|Any CPU.ActiveCfg = Release|Any CPU
		{FDCE611C-A3B7-4287-AA9D-235EEFEAD72C}.ClientServer|Any CPU.Build.0 = Release|Any CPU
		{FDCE611C-A3B7-4287-AA9D-235EEFEAD72C}.Debug|Any CPU.ActiveCfg = Debug|Any CPU
		{FDCE611C-A3B7-4287-AA9D-235EEFEAD72C}.Debug|Any CPU.Build.0 = Debug|Any CPU
		{FDCE611C-A3B7-4287-AA9D-235EEFEAD72C}.Release|Any CPU.ActiveCfg = Release|Any CPU
		{FDCE611C-A3B7-4287-AA9D-235EEFEAD72C}.Release|Any CPU.Build.0 = Release|Any CPU
		{690A2B5C-955A-4A23-B163-29B41918B75F}.ClientServer|Any CPU.ActiveCfg = ClientServer|Any CPU
		{690A2B5C-955A-4A23-B163-29B41918B75F}.ClientServer|Any CPU.Build.0 = ClientServer|Any CPU
		{690A2B5C-955A-4A23-B163-29B41918B75F}.Debug|Any CPU.ActiveCfg = Debug|Any CPU
		{690A2B5C-955A-4A23-B163-29B41918B75F}.Debug|Any CPU.Build.0 = Debug|Any CPU
		{690A2B5C-955A-4A23-B163-29B41918B75F}.Release|Any CPU.ActiveCfg = Release|Any CPU
		{690A2B5C-955A-4A23-B163-29B41918B75F}.Release|Any CPU.Build.0 = Release|Any CPU
		{C291ECCB-D913-43BD-B2DF-3089F064957A}.ClientServer|Any CPU.ActiveCfg = ClientServer|Any CPU
		{C291ECCB-D913-43BD-B2DF-3089F064957A}.ClientServer|Any CPU.Build.0 = ClientServer|Any CPU
		{C291ECCB-D913-43BD-B2DF-3089F064957A}.Debug|Any CPU.ActiveCfg = Debug|Any CPU
		{C291ECCB-D913-43BD-B2DF-3089F064957A}.Debug|Any CPU.Build.0 = Debug|Any CPU
		{C291ECCB-D913-43BD-B2DF-3089F064957A}.Release|Any CPU.ActiveCfg = Release|Any CPU
		{C291ECCB-D913-43BD-B2DF-3089F064957A}.Release|Any CPU.Build.0 = Release|Any CPU
		{31AF1145-7E12-4807-B630-1A9011C93CFE}.ClientServer|Any CPU.ActiveCfg = Release|Any CPU
		{31AF1145-7E12-4807-B630-1A9011C93CFE}.ClientServer|Any CPU.Build.0 = Release|Any CPU
		{31AF1145-7E12-4807-B630-1A9011C93CFE}.Debug|Any CPU.ActiveCfg = Debug|Any CPU
		{31AF1145-7E12-4807-B630-1A9011C93CFE}.Debug|Any CPU.Build.0 = Debug|Any CPU
		{31AF1145-7E12-4807-B630-1A9011C93CFE}.Release|Any CPU.ActiveCfg = Release|Any CPU
		{31AF1145-7E12-4807-B630-1A9011C93CFE}.Release|Any CPU.Build.0 = Release|Any CPU
	EndGlobalSection
	GlobalSection(SolutionProperties) = preSolution
		HideSolutionNode = FALSE
	EndGlobalSection
	GlobalSection(ExtensibilityGlobals) = postSolution
		SolutionGuid = {A20C9120-6BBE-437E-9759-E694AAE791B4}
	EndGlobalSection
EndGlobal
